// !$*UTF8*$!
{
	archiveVersion = 1;
	classes = {
	};
	objectVersion = 46;
	objects = {

/* Begin PBXBuildFile section */
		FC053E031E37AE1800ED453B /* CGFloat.swift in Sources */ = {isa = PBXBuildFile; fileRef = FC053E021E37AE1800ED453B /* CGFloat.swift */; };
		FC053E051E37B70200ED453B /* Float2.swift in Sources */ = {isa = PBXBuildFile; fileRef = FC053E041E37B70200ED453B /* Float2.swift */; };
		FC053E071E37BA5500ED453B /* CGVector.swift in Sources */ = {isa = PBXBuildFile; fileRef = FC053E061E37BA5500ED453B /* CGVector.swift */; };
		FC979F651E3694E9002AC2D9 /* CGPoint.swift in Sources */ = {isa = PBXBuildFile; fileRef = FC979F641E3694E9002AC2D9 /* CGPoint.swift */; };
		FCFB171B1E3566CE00DDC927 /* Geo.framework in Frameworks */ = {isa = PBXBuildFile; fileRef = FCFB17111E3566CE00DDC927 /* Geo.framework */; };
		FCFB17201E3566CE00DDC927 /* GeoTests.swift in Sources */ = {isa = PBXBuildFile; fileRef = FCFB171F1E3566CE00DDC927 /* GeoTests.swift */; };
		FCFB17221E3566CE00DDC927 /* Geo.h in Headers */ = {isa = PBXBuildFile; fileRef = FCFB17141E3566CE00DDC927 /* Geo.h */; settings = {ATTRIBUTES = (Public, ); }; };
		FCFB172E1E35677600DDC927 /* CGRect.swift in Sources */ = {isa = PBXBuildFile; fileRef = FCFB172D1E35677600DDC927 /* CGRect.swift */; };
		FCFB172F1E35677600DDC927 /* CGRect.swift in Sources */ = {isa = PBXBuildFile; fileRef = FCFB172D1E35677600DDC927 /* CGRect.swift */; };
/* End PBXBuildFile section */

/* Begin PBXContainerItemProxy section */
		FCFB171C1E3566CE00DDC927 /* PBXContainerItemProxy */ = {
			isa = PBXContainerItemProxy;
			containerPortal = FCFB17081E3566CD00DDC927 /* Project object */;
			proxyType = 1;
			remoteGlobalIDString = FCFB17101E3566CD00DDC927;
			remoteInfo = Geo;
		};
/* End PBXContainerItemProxy section */

/* Begin PBXFileReference section */
		FC053E021E37AE1800ED453B /* CGFloat.swift */ = {isa = PBXFileReference; fileEncoding = 4; lastKnownFileType = sourcecode.swift; path = CGFloat.swift; sourceTree = "<group>"; };
		FC053E041E37B70200ED453B /* Float2.swift */ = {isa = PBXFileReference; fileEncoding = 4; lastKnownFileType = sourcecode.swift; path = Float2.swift; sourceTree = "<group>"; };
		FC053E061E37BA5500ED453B /* CGVector.swift */ = {isa = PBXFileReference; fileEncoding = 4; lastKnownFileType = sourcecode.swift; path = CGVector.swift; sourceTree = "<group>"; };
		FC979F641E3694E9002AC2D9 /* CGPoint.swift */ = {isa = PBXFileReference; fileEncoding = 4; lastKnownFileType = sourcecode.swift; path = CGPoint.swift; sourceTree = "<group>"; };
		FCFB17111E3566CE00DDC927 /* Geo.framework */ = {isa = PBXFileReference; explicitFileType = wrapper.framework; includeInIndex = 0; path = Geo.framework; sourceTree = BUILT_PRODUCTS_DIR; };
		FCFB17141E3566CE00DDC927 /* Geo.h */ = {isa = PBXFileReference; lastKnownFileType = sourcecode.c.h; path = Geo.h; sourceTree = "<group>"; };
		FCFB17151E3566CE00DDC927 /* Info.plist */ = {isa = PBXFileReference; lastKnownFileType = text.plist.xml; path = Info.plist; sourceTree = "<group>"; };
		FCFB171A1E3566CE00DDC927 /* GeoTests.xctest */ = {isa = PBXFileReference; explicitFileType = wrapper.cfbundle; includeInIndex = 0; path = GeoTests.xctest; sourceTree = BUILT_PRODUCTS_DIR; };
		FCFB171F1E3566CE00DDC927 /* GeoTests.swift */ = {isa = PBXFileReference; lastKnownFileType = sourcecode.swift; path = GeoTests.swift; sourceTree = "<group>"; };
		FCFB17211E3566CE00DDC927 /* Info.plist */ = {isa = PBXFileReference; lastKnownFileType = text.plist.xml; path = Info.plist; sourceTree = "<group>"; };
		FCFB172D1E35677600DDC927 /* CGRect.swift */ = {isa = PBXFileReference; fileEncoding = 4; lastKnownFileType = sourcecode.swift; path = CGRect.swift; sourceTree = "<group>"; };
/* End PBXFileReference section */

/* Begin PBXFrameworksBuildPhase section */
		FCFB170D1E3566CD00DDC927 /* Frameworks */ = {
			isa = PBXFrameworksBuildPhase;
			buildActionMask = 2147483647;
			files = (
			);
			runOnlyForDeploymentPostprocessing = 0;
		};
		FCFB17171E3566CE00DDC927 /* Frameworks */ = {
			isa = PBXFrameworksBuildPhase;
			buildActionMask = 2147483647;
			files = (
				FCFB171B1E3566CE00DDC927 /* Geo.framework in Frameworks */,
			);
			runOnlyForDeploymentPostprocessing = 0;
		};
/* End PBXFrameworksBuildPhase section */

/* Begin PBXGroup section */
		FCFB17071E3566CD00DDC927 = {
			isa = PBXGroup;
			children = (
				FCFB17131E3566CE00DDC927 /* Geo */,
				FCFB171E1E3566CE00DDC927 /* GeoTests */,
				FCFB17121E3566CE00DDC927 /* Products */,
			);
			sourceTree = "<group>";
		};
		FCFB17121E3566CE00DDC927 /* Products */ = {
			isa = PBXGroup;
			children = (
				FCFB17111E3566CE00DDC927 /* Geo.framework */,
				FCFB171A1E3566CE00DDC927 /* GeoTests.xctest */,
			);
			name = Products;
			sourceTree = "<group>";
		};
		FCFB17131E3566CE00DDC927 /* Geo */ = {
			isa = PBXGroup;
			children = (
				FCFB172C1E35676200DDC927 /* Extensions */,
				FCFB17141E3566CE00DDC927 /* Geo.h */,
				FCFB17151E3566CE00DDC927 /* Info.plist */,
			);
			path = Geo;
			sourceTree = "<group>";
		};
		FCFB171E1E3566CE00DDC927 /* GeoTests */ = {
			isa = PBXGroup;
			children = (
				FCFB171F1E3566CE00DDC927 /* GeoTests.swift */,
				FCFB17211E3566CE00DDC927 /* Info.plist */,
			);
			path = GeoTests;
			sourceTree = "<group>";
		};
		FCFB172C1E35676200DDC927 /* Extensions */ = {
			isa = PBXGroup;
			children = (
				FCFB172D1E35677600DDC927 /* CGRect.swift */,
				FC979F641E3694E9002AC2D9 /* CGPoint.swift */,
				FC053E021E37AE1800ED453B /* CGFloat.swift */,
				FC053E041E37B70200ED453B /* Float2.swift */,
				FC053E061E37BA5500ED453B /* CGVector.swift */,
			);
			path = Extensions;
			sourceTree = "<group>";
		};
/* End PBXGroup section */

/* Begin PBXHeadersBuildPhase section */
		FCFB170E1E3566CD00DDC927 /* Headers */ = {
			isa = PBXHeadersBuildPhase;
			buildActionMask = 2147483647;
			files = (
				FCFB17221E3566CE00DDC927 /* Geo.h in Headers */,
			);
			runOnlyForDeploymentPostprocessing = 0;
		};
/* End PBXHeadersBuildPhase section */

/* Begin PBXNativeTarget section */
		FCFB17101E3566CD00DDC927 /* Geo */ = {
			isa = PBXNativeTarget;
			buildConfigurationList = FCFB17251E3566CE00DDC927 /* Build configuration list for PBXNativeTarget "Geo" */;
			buildPhases = (
				FCFB170C1E3566CD00DDC927 /* Sources */,
				FCFB170D1E3566CD00DDC927 /* Frameworks */,
				FCFB170E1E3566CD00DDC927 /* Headers */,
				FCFB170F1E3566CD00DDC927 /* Resources */,
			);
			buildRules = (
			);
			dependencies = (
			);
			name = Geo;
			productName = Geo;
			productReference = FCFB17111E3566CE00DDC927 /* Geo.framework */;
			productType = "com.apple.product-type.framework";
		};
		FCFB17191E3566CE00DDC927 /* GeoTests */ = {
			isa = PBXNativeTarget;
			buildConfigurationList = FCFB17281E3566CE00DDC927 /* Build configuration list for PBXNativeTarget "GeoTests" */;
			buildPhases = (
				FCFB17161E3566CE00DDC927 /* Sources */,
				FCFB17171E3566CE00DDC927 /* Frameworks */,
				FCFB17181E3566CE00DDC927 /* Resources */,
			);
			buildRules = (
			);
			dependencies = (
				FCFB171D1E3566CE00DDC927 /* PBXTargetDependency */,
			);
			name = GeoTests;
			productName = GeoTests;
			productReference = FCFB171A1E3566CE00DDC927 /* GeoTests.xctest */;
			productType = "com.apple.product-type.bundle.unit-test";
		};
/* End PBXNativeTarget section */

/* Begin PBXProject section */
		FCFB17081E3566CD00DDC927 /* Project object */ = {
			isa = PBXProject;
			attributes = {
				LastSwiftUpdateCheck = 0820;
				LastUpgradeCheck = 0820;
				ORGANIZATIONNAME = "BVR, LLC";
				TargetAttributes = {
					FCFB17101E3566CD00DDC927 = {
						CreatedOnToolsVersion = 8.2.1;
						LastSwiftMigration = 0820;
						ProvisioningStyle = Automatic;
					};
					FCFB17191E3566CE00DDC927 = {
						CreatedOnToolsVersion = 8.2.1;
						ProvisioningStyle = Automatic;
					};
				};
			};
			buildConfigurationList = FCFB170B1E3566CD00DDC927 /* Build configuration list for PBXProject "Geo" */;
			compatibilityVersion = "Xcode 3.2";
			developmentRegion = English;
			hasScannedForEncodings = 0;
			knownRegions = (
				en,
			);
			mainGroup = FCFB17071E3566CD00DDC927;
			productRefGroup = FCFB17121E3566CE00DDC927 /* Products */;
			projectDirPath = "";
			projectRoot = "";
			targets = (
				FCFB17101E3566CD00DDC927 /* Geo */,
				FCFB17191E3566CE00DDC927 /* GeoTests */,
			);
		};
/* End PBXProject section */

/* Begin PBXResourcesBuildPhase section */
		FCFB170F1E3566CD00DDC927 /* Resources */ = {
			isa = PBXResourcesBuildPhase;
			buildActionMask = 2147483647;
			files = (
			);
			runOnlyForDeploymentPostprocessing = 0;
		};
		FCFB17181E3566CE00DDC927 /* Resources */ = {
			isa = PBXResourcesBuildPhase;
			buildActionMask = 2147483647;
			files = (
			);
			runOnlyForDeploymentPostprocessing = 0;
		};
/* End PBXResourcesBuildPhase section */

/* Begin PBXSourcesBuildPhase section */
		FCFB170C1E3566CD00DDC927 /* Sources */ = {
			isa = PBXSourcesBuildPhase;
			buildActionMask = 2147483647;
			files = (
				FC053E031E37AE1800ED453B /* CGFloat.swift in Sources */,
				FC979F651E3694E9002AC2D9 /* CGPoint.swift in Sources */,
				FC053E071E37BA5500ED453B /* CGVector.swift in Sources */,
				FCFB172E1E35677600DDC927 /* CGRect.swift in Sources */,
				FC053E051E37B70200ED453B /* Float2.swift in Sources */,
			);
			runOnlyForDeploymentPostprocessing = 0;
		};
		FCFB17161E3566CE00DDC927 /* Sources */ = {
			isa = PBXSourcesBuildPhase;
			buildActionMask = 2147483647;
			files = (
				FCFB17201E3566CE00DDC927 /* GeoTests.swift in Sources */,
				FCFB172F1E35677600DDC927 /* CGRect.swift in Sources */,
			);
			runOnlyForDeploymentPostprocessing = 0;
		};
/* End PBXSourcesBuildPhase section */

/* Begin PBXTargetDependency section */
		FCFB171D1E3566CE00DDC927 /* PBXTargetDependency */ = {
			isa = PBXTargetDependency;
			target = FCFB17101E3566CD00DDC927 /* Geo */;
			targetProxy = FCFB171C1E3566CE00DDC927 /* PBXContainerItemProxy */;
		};
/* End PBXTargetDependency section */

/* Begin XCBuildConfiguration section */
		FCFB17231E3566CE00DDC927 /* Debug */ = {
			isa = XCBuildConfiguration;
			buildSettings = {
				ALWAYS_SEARCH_USER_PATHS = NO;
				CLANG_ANALYZER_NONNULL = YES;
				CLANG_CXX_LANGUAGE_STANDARD = "gnu++0x";
				CLANG_CXX_LIBRARY = "libc++";
				CLANG_ENABLE_MODULES = YES;
				CLANG_ENABLE_OBJC_ARC = YES;
				CLANG_WARN_BOOL_CONVERSION = YES;
				CLANG_WARN_CONSTANT_CONVERSION = YES;
				CLANG_WARN_DIRECT_OBJC_ISA_USAGE = YES_ERROR;
				CLANG_WARN_DOCUMENTATION_COMMENTS = YES;
				CLANG_WARN_EMPTY_BODY = YES;
				CLANG_WARN_ENUM_CONVERSION = YES;
				CLANG_WARN_INFINITE_RECURSION = YES;
				CLANG_WARN_INT_CONVERSION = YES;
				CLANG_WARN_OBJC_ROOT_CLASS = YES_ERROR;
				CLANG_WARN_SUSPICIOUS_MOVE = YES;
				CLANG_WARN_UNREACHABLE_CODE = YES;
				CLANG_WARN__DUPLICATE_METHOD_MATCH = YES;
				"CODE_SIGN_IDENTITY[sdk=iphoneos*]" = "iPhone Developer";
				COPY_PHASE_STRIP = NO;
				CURRENT_PROJECT_VERSION = 1;
				DEBUG_INFORMATION_FORMAT = dwarf;
				ENABLE_STRICT_OBJC_MSGSEND = YES;
				ENABLE_TESTABILITY = YES;
				GCC_C_LANGUAGE_STANDARD = gnu99;
				GCC_DYNAMIC_NO_PIC = NO;
				GCC_NO_COMMON_BLOCKS = YES;
				GCC_OPTIMIZATION_LEVEL = 0;
				GCC_PREPROCESSOR_DEFINITIONS = (
					"DEBUG=1",
					"$(inherited)",
				);
				GCC_WARN_64_TO_32_BIT_CONVERSION = YES;
				GCC_WARN_ABOUT_RETURN_TYPE = YES_ERROR;
				GCC_WARN_UNDECLARED_SELECTOR = YES;
				GCC_WARN_UNINITIALIZED_AUTOS = YES_AGGRESSIVE;
				GCC_WARN_UNUSED_FUNCTION = YES;
				GCC_WARN_UNUSED_VARIABLE = YES;
				IPHONEOS_DEPLOYMENT_TARGET = 10.2;
				MTL_ENABLE_DEBUG_INFO = YES;
				ONLY_ACTIVE_ARCH = YES;
				SDKROOT = iphoneos;
				SWIFT_ACTIVE_COMPILATION_CONDITIONS = DEBUG;
				SWIFT_OPTIMIZATION_LEVEL = "-Onone";
				TARGETED_DEVICE_FAMILY = "1,2";
				VERSIONING_SYSTEM = "apple-generic";
				VERSION_INFO_PREFIX = "";
			};
			name = Debug;
		};
		FCFB17241E3566CE00DDC927 /* Release */ = {
			isa = XCBuildConfiguration;
			buildSettings = {
				ALWAYS_SEARCH_USER_PATHS = NO;
				CLANG_ANALYZER_NONNULL = YES;
				CLANG_CXX_LANGUAGE_STANDARD = "gnu++0x";
				CLANG_CXX_LIBRARY = "libc++";
				CLANG_ENABLE_MODULES = YES;
				CLANG_ENABLE_OBJC_ARC = YES;
				CLANG_WARN_BOOL_CONVERSION = YES;
				CLANG_WARN_CONSTANT_CONVERSION = YES;
				CLANG_WARN_DIRECT_OBJC_ISA_USAGE = YES_ERROR;
				CLANG_WARN_DOCUMENTATION_COMMENTS = YES;
				CLANG_WARN_EMPTY_BODY = YES;
				CLANG_WARN_ENUM_CONVERSION = YES;
				CLANG_WARN_INFINITE_RECURSION = YES;
				CLANG_WARN_INT_CONVERSION = YES;
				CLANG_WARN_OBJC_ROOT_CLASS = YES_ERROR;
				CLANG_WARN_SUSPICIOUS_MOVE = YES;
				CLANG_WARN_UNREACHABLE_CODE = YES;
				CLANG_WARN__DUPLICATE_METHOD_MATCH = YES;
				"CODE_SIGN_IDENTITY[sdk=iphoneos*]" = "iPhone Developer";
				COPY_PHASE_STRIP = NO;
				CURRENT_PROJECT_VERSION = 1;
				DEBUG_INFORMATION_FORMAT = "dwarf-with-dsym";
				ENABLE_NS_ASSERTIONS = NO;
				ENABLE_STRICT_OBJC_MSGSEND = YES;
				GCC_C_LANGUAGE_STANDARD = gnu99;
				GCC_NO_COMMON_BLOCKS = YES;
				GCC_WARN_64_TO_32_BIT_CONVERSION = YES;
				GCC_WARN_ABOUT_RETURN_TYPE = YES_ERROR;
				GCC_WARN_UNDECLARED_SELECTOR = YES;
				GCC_WARN_UNINITIALIZED_AUTOS = YES_AGGRESSIVE;
				GCC_WARN_UNUSED_FUNCTION = YES;
				GCC_WARN_UNUSED_VARIABLE = YES;
				IPHONEOS_DEPLOYMENT_TARGET = 10.2;
				MTL_ENABLE_DEBUG_INFO = NO;
				SDKROOT = iphoneos;
				SWIFT_OPTIMIZATION_LEVEL = "-Owholemodule";
				TARGETED_DEVICE_FAMILY = "1,2";
				VALIDATE_PRODUCT = YES;
				VERSIONING_SYSTEM = "apple-generic";
				VERSION_INFO_PREFIX = "";
			};
			name = Release;
		};
		FCFB17261E3566CE00DDC927 /* Debug */ = {
			isa = XCBuildConfiguration;
			buildSettings = {
				CLANG_ENABLE_MODULES = YES;
				CODE_SIGN_IDENTITY = "";
				DEFINES_MODULE = YES;
				DYLIB_COMPATIBILITY_VERSION = 1;
				DYLIB_CURRENT_VERSION = 1;
				DYLIB_INSTALL_NAME_BASE = "@rpath";
				INFOPLIST_FILE = Geo/Info.plist;
				INSTALL_PATH = "$(LOCAL_LIBRARY_DIR)/Frameworks";
				LD_RUNPATH_SEARCH_PATHS = "$(inherited) @executable_path/Frameworks @loader_path/Frameworks";
				PRODUCT_BUNDLE_IDENTIFIER = io.bvr.Geo;
				PRODUCT_NAME = "$(TARGET_NAME)";
				SKIP_INSTALL = YES;
				SWIFT_OPTIMIZATION_LEVEL = "-Onone";
				SWIFT_VERSION = 3.0;
			};
			name = Debug;
		};
		FCFB17271E3566CE00DDC927 /* Release */ = {
			isa = XCBuildConfiguration;
			buildSettings = {
				CLANG_ENABLE_MODULES = YES;
				CODE_SIGN_IDENTITY = "";
				DEFINES_MODULE = YES;
				DYLIB_COMPATIBILITY_VERSION = 1;
				DYLIB_CURRENT_VERSION = 1;
				DYLIB_INSTALL_NAME_BASE = "@rpath";
				INFOPLIST_FILE = Geo/Info.plist;
				INSTALL_PATH = "$(LOCAL_LIBRARY_DIR)/Frameworks";
				LD_RUNPATH_SEARCH_PATHS = "$(inherited) @executable_path/Frameworks @loader_path/Frameworks";
				PRODUCT_BUNDLE_IDENTIFIER = io.bvr.Geo;
				PRODUCT_NAME = "$(TARGET_NAME)";
				SKIP_INSTALL = YES;
				SWIFT_VERSION = 3.0;
			};
			name = Release;
		};
		FCFB17291E3566CE00DDC927 /* Debug */ = {
			isa = XCBuildConfiguration;
			buildSettings = {
				ALWAYS_EMBED_SWIFT_STANDARD_LIBRARIES = YES;
				INFOPLIST_FILE = GeoTests/Info.plist;
				LD_RUNPATH_SEARCH_PATHS = "$(inherited) @executable_path/Frameworks @loader_path/Frameworks";
				PRODUCT_BUNDLE_IDENTIFIER = io.bvr.GeoTests;
				PRODUCT_NAME = "$(TARGET_NAME)";
				SWIFT_VERSION = 3.0;
			};
			name = Debug;
		};
		FCFB172A1E3566CE00DDC927 /* Release */ = {
			isa = XCBuildConfiguration;
			buildSettings = {
				ALWAYS_EMBED_SWIFT_STANDARD_LIBRARIES = YES;
				INFOPLIST_FILE = GeoTests/Info.plist;
				LD_RUNPATH_SEARCH_PATHS = "$(inherited) @executable_path/Frameworks @loader_path/Frameworks";
				PRODUCT_BUNDLE_IDENTIFIER = io.bvr.GeoTests;
				PRODUCT_NAME = "$(TARGET_NAME)";
				SWIFT_VERSION = 3.0;
			};
			name = Release;
		};
/* End XCBuildConfiguration section */

/* Begin XCConfigurationList section */
		FCFB170B1E3566CD00DDC927 /* Build configuration list for PBXProject "Geo" */ = {
			isa = XCConfigurationList;
			buildConfigurations = (
				FCFB17231E3566CE00DDC927 /* Debug */,
				FCFB17241E3566CE00DDC927 /* Release */,
			);
			defaultConfigurationIsVisible = 0;
			defaultConfigurationName = Release;
		};
		FCFB17251E3566CE00DDC927 /* Build configuration list for PBXNativeTarget "Geo" */ = {
			isa = XCConfigurationList;
			buildConfigurations = (
				FCFB17261E3566CE00DDC927 /* Debug */,
				FCFB17271E3566CE00DDC927 /* Release */,
			);
			defaultConfigurationIsVisible = 0;
			defaultConfigurationName = Release;
		};
		FCFB17281E3566CE00DDC927 /* Build configuration list for PBXNativeTarget "GeoTests" */ = {
			isa = XCConfigurationList;
			buildConfigurations = (
				FCFB17291E3566CE00DDC927 /* Debug */,
				FCFB172A1E3566CE00DDC927 /* Release */,
			);
			defaultConfigurationIsVisible = 0;
			defaultConfigurationName = Release;
		};
/* End XCConfigurationList section */
	};
	rootObject = FCFB17081E3566CD00DDC927 /* Project object */;
}
